
Microsoft Visual Studio Solution File, Format Version 12.00
# Visual Studio Version 17
VisualStudioVersion = 17.7.34031.279
MinimumVisualStudioVersion = 10.0.40219.1
Project("{FAE04EC0-301F-11D3-BF4B-00C04F79EFBC}") = "TakingInputOutput", "TakingInputOutput\TakingInputOutput.csproj", "{893906E4-DAE8-45E7-B632-073C2754497B}"
EndProject
Global
	GlobalSection(SolutionConfigurationPlatforms) = preSolution
		Debug|Any CPU = Debug|Any CPU
		Release|Any CPU = Release|Any CPU
	EndGlobalSection
	GlobalSection(ProjectConfigurationPlatforms) = postSolution
		{893906E4-DAE8-45E7-B632-073C2754497B}.Debug|Any CPU.ActiveCfg = Debug|Any CPU
		{893906E4-DAE8-45E7-B632-073C2754497B}.Debug|Any CPU.Build.0 = Debug|Any CPU
		{893906E4-DAE8-45E7-B632-073C2754497B}.Release|Any CPU.ActiveCfg = Release|Any CPU
		{893906E4-DAE8-45E7-B632-073C2754497B}.Release|Any CPU.Build.0 = Release|Any CPU
	EndGlobalSection
	GlobalSection(SolutionProperties) = preSolution
		HideSolutionNode = FALSE
	EndGlobalSection
	GlobalSection(ExtensibilityGlobals) = postSolution
		SolutionGuid = {08D1301C-F572-4C78-B6F0-7FC9136392E1}
	EndGlobalSection
EndGlobal
